// !$*UTF8*$!
{
	archiveVersion = 1;
	classes = {
	};
	objectVersion = 55;
	objects = {

/* Begin PBXBuildFile section */
		C28097F427871F3F0084F4A0 /* WeatherAppsApp.swift in Sources */ = {isa = PBXBuildFile; fileRef = C28097F327871F3F0084F4A0 /* WeatherAppsApp.swift */; };
		C28097F627871F3F0084F4A0 /* ContentView.swift in Sources */ = {isa = PBXBuildFile; fileRef = C28097F527871F3F0084F4A0 /* ContentView.swift */; };
		C28097F827871F410084F4A0 /* Assets.xcassets in Resources */ = {isa = PBXBuildFile; fileRef = C28097F727871F410084F4A0 /* Assets.xcassets */; };
		C28097FB27871F410084F4A0 /* Preview Assets.xcassets in Resources */ = {isa = PBXBuildFile; fileRef = C28097FA27871F410084F4A0 /* Preview Assets.xcassets */; };
		C280980527871F410084F4A0 /* WeatherAppsTests.swift in Sources */ = {isa = PBXBuildFile; fileRef = C280980427871F410084F4A0 /* WeatherAppsTests.swift */; };
		C280980F27871F410084F4A0 /* WeatherAppsUITests.swift in Sources */ = {isa = PBXBuildFile; fileRef = C280980E27871F410084F4A0 /* WeatherAppsUITests.swift */; };
		C280981127871F410084F4A0 /* WeatherAppsUITestsLaunchTests.swift in Sources */ = {isa = PBXBuildFile; fileRef = C280981027871F410084F4A0 /* WeatherAppsUITestsLaunchTests.swift */; };
		C2809823278863FE0084F4A0 /* Location.swift in Sources */ = {isa = PBXBuildFile; fileRef = C2809822278863FE0084F4A0 /* Location.swift */; };
		C2809825278865840084F4A0 /* FirstView.swift in Sources */ = {isa = PBXBuildFile; fileRef = C2809824278865840084F4A0 /* FirstView.swift */; };
		C298A30E27886A2000391945 /* Model.swift in Sources */ = {isa = PBXBuildFile; fileRef = C298A30D27886A2000391945 /* Model.swift */; };
		C298A31027886A5200391945 /* API.swift in Sources */ = {isa = PBXBuildFile; fileRef = C298A30F27886A5200391945 /* API.swift */; };
		C298A31227887B8300391945 /* LoadView.swift in Sources */ = {isa = PBXBuildFile; fileRef = C298A31127887B8300391945 /* LoadView.swift */; };
		C298A3142788932D00391945 /* MainView.swift in Sources */ = {isa = PBXBuildFile; fileRef = C298A3132788932D00391945 /* MainView.swift */; };
		C298A3172788ACC200391945 /* DummyData.swift in Sources */ = {isa = PBXBuildFile; fileRef = C298A3162788ACC200391945 /* DummyData.swift */; };
		C298A31B2788AEDC00391945 /* Data.json in Resources */ = {isa = PBXBuildFile; fileRef = C298A31A2788AEDC00391945 /* Data.json */; };
		C298A31D2789672C00391945 /* Extension.swift in Sources */ = {isa = PBXBuildFile; fileRef = C298A31C2789672C00391945 /* Extension.swift */; };
		C298A321278967D300391945 /* RowView.swift in Sources */ = {isa = PBXBuildFile; fileRef = C298A320278967D300391945 /* RowView.swift */; };
/* End PBXBuildFile section */

/* Begin PBXContainerItemProxy section */
		C280980127871F410084F4A0 /* PBXContainerItemProxy */ = {
			isa = PBXContainerItemProxy;
			containerPortal = C28097E827871F3F0084F4A0 /* Project object */;
			proxyType = 1;
			remoteGlobalIDString = C28097EF27871F3F0084F4A0;
			remoteInfo = WeatherApps;
		};
		C280980B27871F410084F4A0 /* PBXContainerItemProxy */ = {
			isa = PBXContainerItemProxy;
			containerPortal = C28097E827871F3F0084F4A0 /* Project object */;
			proxyType = 1;
			remoteGlobalIDString = C28097EF27871F3F0084F4A0;
			remoteInfo = WeatherApps;
		};
/* End PBXContainerItemProxy section */

/* Begin PBXFileReference section */
		C28097F027871F3F0084F4A0 /* WeatherApps.app */ = {isa = PBXFileReference; explicitFileType = wrapper.application; includeInIndex = 0; path = WeatherApps.app; sourceTree = BUILT_PRODUCTS_DIR; };
		C28097F327871F3F0084F4A0 /* WeatherAppsApp.swift */ = {isa = PBXFileReference; lastKnownFileType = sourcecode.swift; path = WeatherAppsApp.swift; sourceTree = "<group>"; };
		C28097F527871F3F0084F4A0 /* ContentView.swift */ = {isa = PBXFileReference; lastKnownFileType = sourcecode.swift; path = ContentView.swift; sourceTree = "<group>"; };
		C28097F727871F410084F4A0 /* Assets.xcassets */ = {isa = PBXFileReference; lastKnownFileType = folder.assetcatalog; path = Assets.xcassets; sourceTree = "<group>"; };
		C28097FA27871F410084F4A0 /* Preview Assets.xcassets */ = {isa = PBXFileReference; lastKnownFileType = folder.assetcatalog; path = "Preview Assets.xcassets"; sourceTree = "<group>"; };
		C280980027871F410084F4A0 /* WeatherAppsTests.xctest */ = {isa = PBXFileReference; explicitFileType = wrapper.cfbundle; includeInIndex = 0; path = WeatherAppsTests.xctest; sourceTree = BUILT_PRODUCTS_DIR; };
		C280980427871F410084F4A0 /* WeatherAppsTests.swift */ = {isa = PBXFileReference; lastKnownFileType = sourcecode.swift; path = WeatherAppsTests.swift; sourceTree = "<group>"; };
		C280980A27871F410084F4A0 /* WeatherAppsUITests.xctest */ = {isa = PBXFileReference; explicitFileType = wrapper.cfbundle; includeInIndex = 0; path = WeatherAppsUITests.xctest; sourceTree = BUILT_PRODUCTS_DIR; };
		C280980E27871F410084F4A0 /* WeatherAppsUITests.swift */ = {isa = PBXFileReference; lastKnownFileType = sourcecode.swift; path = WeatherAppsUITests.swift; sourceTree = "<group>"; };
		C280981027871F410084F4A0 /* WeatherAppsUITestsLaunchTests.swift */ = {isa = PBXFileReference; lastKnownFileType = sourcecode.swift; path = WeatherAppsUITestsLaunchTests.swift; sourceTree = "<group>"; };
		C2809822278863FE0084F4A0 /* Location.swift */ = {isa = PBXFileReference; lastKnownFileType = sourcecode.swift; path = Location.swift; sourceTree = "<group>"; };
		C2809824278865840084F4A0 /* FirstView.swift */ = {isa = PBXFileReference; lastKnownFileType = sourcecode.swift; path = FirstView.swift; sourceTree = "<group>"; };
		C298A30D27886A2000391945 /* Model.swift */ = {isa = PBXFileReference; lastKnownFileType = sourcecode.swift; path = Model.swift; sourceTree = "<group>"; };
		C298A30F27886A5200391945 /* API.swift */ = {isa = PBXFileReference; lastKnownFileType = sourcecode.swift; path = API.swift; sourceTree = "<group>"; };
		C298A31127887B8300391945 /* LoadView.swift */ = {isa = PBXFileReference; lastKnownFileType = sourcecode.swift; path = LoadView.swift; sourceTree = "<group>"; };
		C298A3132788932D00391945 /* MainView.swift */ = {isa = PBXFileReference; lastKnownFileType = sourcecode.swift; path = MainView.swift; sourceTree = "<group>"; };
		C298A3162788ACC200391945 /* DummyData.swift */ = {isa = PBXFileReference; lastKnownFileType = sourcecode.swift; path = DummyData.swift; sourceTree = "<group>"; };
		C298A31A2788AEDC00391945 /* Data.json */ = {isa = PBXFileReference; lastKnownFileType = text.json; path = Data.json; sourceTree = "<group>"; };
		C298A31C2789672C00391945 /* Extension.swift */ = {isa = PBXFileReference; lastKnownFileType = sourcecode.swift; path = Extension.swift; sourceTree = "<group>"; };
		C298A320278967D300391945 /* RowView.swift */ = {isa = PBXFileReference; lastKnownFileType = sourcecode.swift; path = RowView.swift; sourceTree = "<group>"; };
/* End PBXFileReference section */

/* Begin PBXFrameworksBuildPhase section */
		C28097ED27871F3F0084F4A0 /* Frameworks */ = {
			isa = PBXFrameworksBuildPhase;
			buildActionMask = 2147483647;
			files = (
			);
			runOnlyForDeploymentPostprocessing = 0;
		};
		C28097FD27871F410084F4A0 /* Frameworks */ = {
			isa = PBXFrameworksBuildPhase;
			buildActionMask = 2147483647;
			files = (
			);
			runOnlyForDeploymentPostprocessing = 0;
		};
		C280980727871F410084F4A0 /* Frameworks */ = {
			isa = PBXFrameworksBuildPhase;
			buildActionMask = 2147483647;
			files = (
			);
			runOnlyForDeploymentPostprocessing = 0;
		};
/* End PBXFrameworksBuildPhase section */

/* Begin PBXGroup section */
		C28097E727871F3F0084F4A0 = {
			isa = PBXGroup;
			children = (
				C28097F227871F3F0084F4A0 /* WeatherApps */,
				C280980327871F410084F4A0 /* WeatherAppsTests */,
				C280980D27871F410084F4A0 /* WeatherAppsUITests */,
				C28097F127871F3F0084F4A0 /* Products */,
			);
			sourceTree = "<group>";
		};
		C28097F127871F3F0084F4A0 /* Products */ = {
			isa = PBXGroup;
			children = (
				C28097F027871F3F0084F4A0 /* WeatherApps.app */,
				C280980027871F410084F4A0 /* WeatherAppsTests.xctest */,
				C280980A27871F410084F4A0 /* WeatherAppsUITests.xctest */,
			);
			name = Products;
			sourceTree = "<group>";
		};
		C28097F227871F3F0084F4A0 /* WeatherApps */ = {
			isa = PBXGroup;
			children = (
				C298A315278895C800391945 /* Dummy */,
				C2809821278766B40084F4A0 /* Location */,
				C280982027871FF70084F4A0 /* View */,
				C280981F27871FE60084F4A0 /* Additional */,
				C280981E27871FDE0084F4A0 /* Model */,
				C280981D27871FD50084F4A0 /* Networking */,
				C28097F327871F3F0084F4A0 /* WeatherAppsApp.swift */,
				C28097F727871F410084F4A0 /* Assets.xcassets */,
				C28097F927871F410084F4A0 /* Preview Content */,
			);
			path = WeatherApps;
			sourceTree = "<group>";
		};
		C28097F927871F410084F4A0 /* Preview Content */ = {
			isa = PBXGroup;
			children = (
				C28097FA27871F410084F4A0 /* Preview Assets.xcassets */,
			);
			path = "Preview Content";
			sourceTree = "<group>";
		};
		C280980327871F410084F4A0 /* WeatherAppsTests */ = {
			isa = PBXGroup;
			children = (
				C280980427871F410084F4A0 /* WeatherAppsTests.swift */,
			);
			path = WeatherAppsTests;
			sourceTree = "<group>";
		};
		C280980D27871F410084F4A0 /* WeatherAppsUITests */ = {
			isa = PBXGroup;
			children = (
				C280980E27871F410084F4A0 /* WeatherAppsUITests.swift */,
				C280981027871F410084F4A0 /* WeatherAppsUITestsLaunchTests.swift */,
			);
			path = WeatherAppsUITests;
			sourceTree = "<group>";
		};
		C280981D27871FD50084F4A0 /* Networking */ = {
			isa = PBXGroup;
			children = (
				C298A30F27886A5200391945 /* API.swift */,
			);
			path = Networking;
			sourceTree = "<group>";
		};
		C280981E27871FDE0084F4A0 /* Model */ = {
			isa = PBXGroup;
			children = (
				C298A30D27886A2000391945 /* Model.swift */,
			);
			path = Model;
			sourceTree = "<group>";
		};
		C280981F27871FE60084F4A0 /* Additional */ = {
			isa = PBXGroup;
			children = (
				C298A31C2789672C00391945 /* Extension.swift */,
				C298A320278967D300391945 /* RowView.swift */,
			);
			path = Additional;
			sourceTree = "<group>";
		};
		C280982027871FF70084F4A0 /* View */ = {
			isa = PBXGroup;
			children = (
				C28097F527871F3F0084F4A0 /* ContentView.swift */,
				C298A31127887B8300391945 /* LoadView.swift */,
				C2809824278865840084F4A0 /* FirstView.swift */,
				C298A3132788932D00391945 /* MainView.swift */,
			);
			path = View;
			sourceTree = "<group>";
		};
		C2809821278766B40084F4A0 /* Location */ = {
			isa = PBXGroup;
			children = (
				C2809822278863FE0084F4A0 /* Location.swift */,
			);
			path = Location;
			sourceTree = "<group>";
		};
		C298A315278895C800391945 /* Dummy */ = {
			isa = PBXGroup;
			children = (
				C298A31A2788AEDC00391945 /* Data.json */,
				C298A3162788ACC200391945 /* DummyData.swift */,
			);
			path = Dummy;
			sourceTree = "<group>";
		};
/* End PBXGroup section */

/* Begin PBXNativeTarget section */
		C28097EF27871F3F0084F4A0 /* WeatherApps */ = {
			isa = PBXNativeTarget;
			buildConfigurationList = C280981427871F410084F4A0 /* Build configuration list for PBXNativeTarget "WeatherApps" */;
			buildPhases = (
				C28097EC27871F3F0084F4A0 /* Sources */,
				C28097ED27871F3F0084F4A0 /* Frameworks */,
				C28097EE27871F3F0084F4A0 /* Resources */,
			);
			buildRules = (
			);
			dependencies = (
			);
			name = WeatherApps;
			productName = WeatherApps;
			productReference = C28097F027871F3F0084F4A0 /* WeatherApps.app */;
			productType = "com.apple.product-type.application";
		};
		C28097FF27871F410084F4A0 /* WeatherAppsTests */ = {
			isa = PBXNativeTarget;
			buildConfigurationList = C280981727871F410084F4A0 /* Build configuration list for PBXNativeTarget "WeatherAppsTests" */;
			buildPhases = (
				C28097FC27871F410084F4A0 /* Sources */,
				C28097FD27871F410084F4A0 /* Frameworks */,
				C28097FE27871F410084F4A0 /* Resources */,
			);
			buildRules = (
			);
			dependencies = (
				C280980227871F410084F4A0 /* PBXTargetDependency */,
			);
			name = WeatherAppsTests;
			productName = WeatherAppsTests;
			productReference = C280980027871F410084F4A0 /* WeatherAppsTests.xctest */;
			productType = "com.apple.product-type.bundle.unit-test";
		};
		C280980927871F410084F4A0 /* WeatherAppsUITests */ = {
			isa = PBXNativeTarget;
			buildConfigurationList = C280981A27871F410084F4A0 /* Build configuration list for PBXNativeTarget "WeatherAppsUITests" */;
			buildPhases = (
				C280980627871F410084F4A0 /* Sources */,
				C280980727871F410084F4A0 /* Frameworks */,
				C280980827871F410084F4A0 /* Resources */,
			);
			buildRules = (
			);
			dependencies = (
				C280980C27871F410084F4A0 /* PBXTargetDependency */,
			);
			name = WeatherAppsUITests;
			productName = WeatherAppsUITests;
			productReference = C280980A27871F410084F4A0 /* WeatherAppsUITests.xctest */;
			productType = "com.apple.product-type.bundle.ui-testing";
		};
/* End PBXNativeTarget section */

/* Begin PBXProject section */
		C28097E827871F3F0084F4A0 /* Project object */ = {
			isa = PBXProject;
			attributes = {
				BuildIndependentTargetsInParallel = 1;
				LastSwiftUpdateCheck = 1320;
				LastUpgradeCheck = 1320;
				TargetAttributes = {
					C28097EF27871F3F0084F4A0 = {
						CreatedOnToolsVersion = 13.2.1;
					};
					C28097FF27871F410084F4A0 = {
						CreatedOnToolsVersion = 13.2.1;
						TestTargetID = C28097EF27871F3F0084F4A0;
					};
					C280980927871F410084F4A0 = {
						CreatedOnToolsVersion = 13.2.1;
						TestTargetID = C28097EF27871F3F0084F4A0;
					};
				};
			};
			buildConfigurationList = C28097EB27871F3F0084F4A0 /* Build configuration list for PBXProject "WeatherApps" */;
			compatibilityVersion = "Xcode 13.0";
			developmentRegion = en;
			hasScannedForEncodings = 0;
			knownRegions = (
				en,
				Base,
			);
			mainGroup = C28097E727871F3F0084F4A0;
			productRefGroup = C28097F127871F3F0084F4A0 /* Products */;
			projectDirPath = "";
			projectRoot = "";
			targets = (
				C28097EF27871F3F0084F4A0 /* WeatherApps */,
				C28097FF27871F410084F4A0 /* WeatherAppsTests */,
				C280980927871F410084F4A0 /* WeatherAppsUITests */,
			);
		};
/* End PBXProject section */

/* Begin PBXResourcesBuildPhase section */
		C28097EE27871F3F0084F4A0 /* Resources */ = {
			isa = PBXResourcesBuildPhase;
			buildActionMask = 2147483647;
			files = (
				C28097FB27871F410084F4A0 /* Preview Assets.xcassets in Resources */,
				C28097F827871F410084F4A0 /* Assets.xcassets in Resources */,
				C298A31B2788AEDC00391945 /* Data.json in Resources */,
			);
			runOnlyForDeploymentPostprocessing = 0;
		};
		C28097FE27871F410084F4A0 /* Resources */ = {
			isa = PBXResourcesBuildPhase;
			buildActionMask = 2147483647;
			files = (
			);
			runOnlyForDeploymentPostprocessing = 0;
		};
		C280980827871F410084F4A0 /* Resources */ = {
			isa = PBXResourcesBuildPhase;
			buildActionMask = 2147483647;
			files = (
			);
			runOnlyForDeploymentPostprocessing = 0;
		};
/* End PBXResourcesBuildPhase section */

/* Begin PBXSourcesBuildPhase section */
		C28097EC27871F3F0084F4A0 /* Sources */ = {
			isa = PBXSourcesBuildPhase;
			buildActionMask = 2147483647;
			files = (
				C298A30E27886A2000391945 /* Model.swift in Sources */,
				C298A3142788932D00391945 /* MainView.swift in Sources */,
				C28097F627871F3F0084F4A0 /* ContentView.swift in Sources */,
				C298A3172788ACC200391945 /* DummyData.swift in Sources */,
				C2809825278865840084F4A0 /* FirstView.swift in Sources */,
				C298A31D2789672C00391945 /* Extension.swift in Sources */,
				C2809823278863FE0084F4A0 /* Location.swift in Sources */,
				C298A31027886A5200391945 /* API.swift in Sources */,
				C298A321278967D300391945 /* RowView.swift in Sources */,
				C298A31227887B8300391945 /* LoadView.swift in Sources */,
				C28097F427871F3F0084F4A0 /* WeatherAppsApp.swift in Sources */,
			);
			runOnlyForDeploymentPostprocessing = 0;
		};
		C28097FC27871F410084F4A0 /* Sources */ = {
			isa = PBXSourcesBuildPhase;
			buildActionMask = 2147483647;
			files = (
				C280980527871F410084F4A0 /* WeatherAppsTests.swift in Sources */,
			);
			runOnlyForDeploymentPostprocessing = 0;
		};
		C280980627871F410084F4A0 /* Sources */ = {
			isa = PBXSourcesBuildPhase;
			buildActionMask = 2147483647;
			files = (
				C280980F27871F410084F4A0 /* WeatherAppsUITests.swift in Sources */,
				C280981127871F410084F4A0 /* WeatherAppsUITestsLaunchTests.swift in Sources */,
			);
			runOnlyForDeploymentPostprocessing = 0;
		};
/* End PBXSourcesBuildPhase section */

/* Begin PBXTargetDependency section */
		C280980227871F410084F4A0 /* PBXTargetDependency */ = {
			isa = PBXTargetDependency;
			target = C28097EF27871F3F0084F4A0 /* WeatherApps */;
			targetProxy = C280980127871F410084F4A0 /* PBXContainerItemProxy */;
		};
		C280980C27871F410084F4A0 /* PBXTargetDependency */ = {
			isa = PBXTargetDependency;
			target = C28097EF27871F3F0084F4A0 /* WeatherApps */;
			targetProxy = C280980B27871F410084F4A0 /* PBXContainerItemProxy */;
		};
/* End PBXTargetDependency section */

/* Begin XCBuildConfiguration section */
		C280981227871F410084F4A0 /* Debug */ = {
			isa = XCBuildConfiguration;
			buildSettings = {
				ALWAYS_SEARCH_USER_PATHS = NO;
				CLANG_ANALYZER_NONNULL = YES;
				CLANG_ANALYZER_NUMBER_OBJECT_CONVERSION = YES_AGGRESSIVE;
				CLANG_CXX_LANGUAGE_STANDARD = "gnu++17";
				CLANG_CXX_LIBRARY = "libc++";
				CLANG_ENABLE_MODULES = YES;
				CLANG_ENABLE_OBJC_ARC = YES;
				CLANG_ENABLE_OBJC_WEAK = YES;
				CLANG_WARN_BLOCK_CAPTURE_AUTORELEASING = YES;
				CLANG_WARN_BOOL_CONVERSION = YES;
				CLANG_WARN_COMMA = YES;
				CLANG_WARN_CONSTANT_CONVERSION = YES;
				CLANG_WARN_DEPRECATED_OBJC_IMPLEMENTATIONS = YES;
				CLANG_WARN_DIRECT_OBJC_ISA_USAGE = YES_ERROR;
				CLANG_WARN_DOCUMENTATION_COMMENTS = YES;
				CLANG_WARN_EMPTY_BODY = YES;
				CLANG_WARN_ENUM_CONVERSION = YES;
				CLANG_WARN_INFINITE_RECURSION = YES;
				CLANG_WARN_INT_CONVERSION = YES;
				CLANG_WARN_NON_LITERAL_NULL_CONVERSION = YES;
				CLANG_WARN_OBJC_IMPLICIT_RETAIN_SELF = YES;
				CLANG_WARN_OBJC_LITERAL_CONVERSION = YES;
				CLANG_WARN_OBJC_ROOT_CLASS = YES_ERROR;
				CLANG_WARN_QUOTED_INCLUDE_IN_FRAMEWORK_HEADER = YES;
				CLANG_WARN_RANGE_LOOP_ANALYSIS = YES;
				CLANG_WARN_STRICT_PROTOTYPES = YES;
				CLANG_WARN_SUSPICIOUS_MOVE = YES;
				CLANG_WARN_UNGUARDED_AVAILABILITY = YES_AGGRESSIVE;
				CLANG_WARN_UNREACHABLE_CODE = YES;
				CLANG_WARN__DUPLICATE_METHOD_MATCH = YES;
				COPY_PHASE_STRIP = NO;
				DEBUG_INFORMATION_FORMAT = dwarf;
				ENABLE_STRICT_OBJC_MSGSEND = YES;
				ENABLE_TESTABILITY = YES;
				GCC_C_LANGUAGE_STANDARD = gnu11;
				GCC_DYNAMIC_NO_PIC = NO;
				GCC_NO_COMMON_BLOCKS = YES;
				GCC_OPTIMIZATION_LEVEL = 0;
				GCC_PREPROCESSOR_DEFINITIONS = (
					"DEBUG=1",
					"$(inherited)",
				);
				GCC_WARN_64_TO_32_BIT_CONVERSION = YES;
				GCC_WARN_ABOUT_RETURN_TYPE = YES_ERROR;
				GCC_WARN_UNDECLARED_SELECTOR = YES;
				GCC_WARN_UNINITIALIZED_AUTOS = YES_AGGRESSIVE;
				GCC_WARN_UNUSED_FUNCTION = YES;
				GCC_WARN_UNUSED_VARIABLE = YES;
				IPHONEOS_DEPLOYMENT_TARGET = 15.2;
				MTL_ENABLE_DEBUG_INFO = INCLUDE_SOURCE;
				MTL_FAST_MATH = YES;
				ONLY_ACTIVE_ARCH = YES;
				SDKROOT = iphoneos;
				SWIFT_ACTIVE_COMPILATION_CONDITIONS = DEBUG;
				SWIFT_OPTIMIZATION_LEVEL = "-Onone";
			};
			name = Debug;
		};
		C280981327871F410084F4A0 /* Release */ = {
			isa = XCBuildConfiguration;
			buildSettings = {
				ALWAYS_SEARCH_USER_PATHS = NO;
				CLANG_ANALYZER_NONNULL = YES;
				CLANG_ANALYZER_NUMBER_OBJECT_CONVERSION = YES_AGGRESSIVE;
				CLANG_CXX_LANGUAGE_STANDARD = "gnu++17";
				CLANG_CXX_LIBRARY = "libc++";
				CLANG_ENABLE_MODULES = YES;
				CLANG_ENABLE_OBJC_ARC = YES;
				CLANG_ENABLE_OBJC_WEAK = YES;
				CLANG_WARN_BLOCK_CAPTURE_AUTORELEASING = YES;
				CLANG_WARN_BOOL_CONVERSION = YES;
				CLANG_WARN_COMMA = YES;
				CLANG_WARN_CONSTANT_CONVERSION = YES;
				CLANG_WARN_DEPRECATED_OBJC_IMPLEMENTATIONS = YES;
				CLANG_WARN_DIRECT_OBJC_ISA_USAGE = YES_ERROR;
				CLANG_WARN_DOCUMENTATION_COMMENTS = YES;
				CLANG_WARN_EMPTY_BODY = YES;
				CLANG_WARN_ENUM_CONVERSION = YES;
				CLANG_WARN_INFINITE_RECURSION = YES;
				CLANG_WARN_INT_CONVERSION = YES;
				CLANG_WARN_NON_LITERAL_NULL_CONVERSION = YES;
				CLANG_WARN_OBJC_IMPLICIT_RETAIN_SELF = YES;
				CLANG_WARN_OBJC_LITERAL_CONVERSION = YES;
				CLANG_WARN_OBJC_ROOT_CLASS = YES_ERROR;
				CLANG_WARN_QUOTED_INCLUDE_IN_FRAMEWORK_HEADER = YES;
				CLANG_WARN_RANGE_LOOP_ANALYSIS = YES;
				CLANG_WARN_STRICT_PROTOTYPES = YES;
				CLANG_WARN_SUSPICIOUS_MOVE = YES;
				CLANG_WARN_UNGUARDED_AVAILABILITY = YES_AGGRESSIVE;
				CLANG_WARN_UNREACHABLE_CODE = YES;
				CLANG_WARN__DUPLICATE_METHOD_MATCH = YES;
				COPY_PHASE_STRIP = NO;
				DEBUG_INFORMATION_FORMAT = "dwarf-with-dsym";
				ENABLE_NS_ASSERTIONS = NO;
				ENABLE_STRICT_OBJC_MSGSEND = YES;
				GCC_C_LANGUAGE_STANDARD = gnu11;
				GCC_NO_COMMON_BLOCKS = YES;
				GCC_WARN_64_TO_32_BIT_CONVERSION = YES;
				GCC_WARN_ABOUT_RETURN_TYPE = YES_ERROR;
				GCC_WARN_UNDECLARED_SELECTOR = YES;
				GCC_WARN_UNINITIALIZED_AUTOS = YES_AGGRESSIVE;
				GCC_WARN_UNUSED_FUNCTION = YES;
				GCC_WARN_UNUSED_VARIABLE = YES;
				IPHONEOS_DEPLOYMENT_TARGET = 15.2;
				MTL_ENABLE_DEBUG_INFO = NO;
				MTL_FAST_MATH = YES;
				SDKROOT = iphoneos;
				SWIFT_COMPILATION_MODE = wholemodule;
				SWIFT_OPTIMIZATION_LEVEL = "-O";
				VALIDATE_PRODUCT = YES;
			};
			name = Release;
		};
		C280981527871F410084F4A0 /* Debug */ = {
			isa = XCBuildConfiguration;
			buildSettings = {
				ASSETCATALOG_COMPILER_APPICON_NAME = AppIcon;
				ASSETCATALOG_COMPILER_GLOBAL_ACCENT_COLOR_NAME = AccentColor;
				CODE_SIGN_STYLE = Automatic;
				CURRENT_PROJECT_VERSION = 1;
				DEVELOPMENT_ASSET_PATHS = "\"WeatherApps/Preview Content\"";
				DEVELOPMENT_TEAM = WLF43H5K2J;
				ENABLE_PREVIEWS = YES;
				GENERATE_INFOPLIST_FILE = YES;
				INFOPLIST_KEY_UIApplicationSceneManifest_Generation = YES;
				INFOPLIST_KEY_UIApplicationSupportsIndirectInputEvents = YES;
				INFOPLIST_KEY_UILaunchScreen_Generation = YES;
				INFOPLIST_KEY_UISupportedInterfaceOrientations_iPad = "UIInterfaceOrientationPortrait UIInterfaceOrientationPortraitUpsideDown UIInterfaceOrientationLandscapeLeft UIInterfaceOrientationLandscapeRight";
				INFOPLIST_KEY_UISupportedInterfaceOrientations_iPhone = "UIInterfaceOrientationPortrait UIInterfaceOrientationLandscapeLeft UIInterfaceOrientationLandscapeRight";
				IPHONEOS_DEPLOYMENT_TARGET = 15.2;
				LD_RUNPATH_SEARCH_PATHS = (
					"$(inherited)",
					"@executable_path/Frameworks",
				);
				MARKETING_VERSION = 1.0;
				PRODUCT_BUNDLE_IDENTIFIER = rostadhi.WeatherApps;
				PRODUCT_NAME = "$(TARGET_NAME)";
				SWIFT_EMIT_LOC_STRINGS = YES;
				SWIFT_VERSION = 5.0;
				TARGETED_DEVICE_FAMILY = "1,2";
			};
			name = Debug;
		};
		C280981627871F410084F4A0 /* Release */ = {
			isa = XCBuildConfiguration;
			buildSettings = {
				ASSETCATALOG_COMPILER_APPICON_NAME = AppIcon;
				ASSETCATALOG_COMPILER_GLOBAL_ACCENT_COLOR_NAME = AccentColor;
				CODE_SIGN_STYLE = Automatic;
				CURRENT_PROJECT_VERSION = 1;
				DEVELOPMENT_ASSET_PATHS = "\"WeatherApps/Preview Content\"";
				DEVELOPMENT_TEAM = WLF43H5K2J;
				ENABLE_PREVIEWS = YES;
				GENERATE_INFOPLIST_FILE = YES;
				INFOPLIST_KEY_UIApplicationSceneManifest_Generation = YES;
				INFOPLIST_KEY_UIApplicationSupportsIndirectInputEvents = YES;
				INFOPLIST_KEY_UILaunchScreen_Generation = YES;
				INFOPLIST_KEY_UISupportedInterfaceOrientations_iPad = "UIInterfaceOrientationPortrait UIInterfaceOrientationPortraitUpsideDown UIInterfaceOrientationLandscapeLeft UIInterfaceOrientationLandscapeRight";
				INFOPLIST_KEY_UISupportedInterfaceOrientations_iPhone = "UIInterfaceOrientationPortrait UIInterfaceOrientationLandscapeLeft UIInterfaceOrientationLandscapeRight";
				IPHONEOS_DEPLOYMENT_TARGET = 15.2;
				LD_RUNPATH_SEARCH_PATHS = (
					"$(inherited)",
					"@executable_path/Frameworks",
				);
				MARKETING_VERSION = 1.0;
				PRODUCT_BUNDLE_IDENTIFIER = rostadhi.WeatherApps;
				PRODUCT_NAME = "$(TARGET_NAME)";
				SWIFT_EMIT_LOC_STRINGS = YES;
				SWIFT_VERSION = 5.0;
				TARGETED_DEVICE_FAMILY = "1,2";
			};
			name = Release;
		};
		C280981827871F410084F4A0 /* Debug */ = {
			isa = XCBuildConfiguration;
			buildSettings = {
				ALWAYS_EMBED_SWIFT_STANDARD_LIBRARIES = YES;
				BUNDLE_LOADER = "$(TEST_HOST)";
				CODE_SIGN_STYLE = Automatic;
				CURRENT_PROJECT_VERSION = 1;
				DEVELOPMENT_TEAM = WLF43H5K2J;
				GENERATE_INFOPLIST_FILE = YES;
				IPHONEOS_DEPLOYMENT_TARGET = 15.2;
				MARKETING_VERSION = 1.0;
				PRODUCT_BUNDLE_IDENTIFIER = rostadhi.WeatherAppsTests;
				PRODUCT_NAME = "$(TARGET_NAME)";
				SWIFT_EMIT_LOC_STRINGS = NO;
				SWIFT_VERSION = 5.0;
				TARGETED_DEVICE_FAMILY = "1,2";
				TEST_HOST = "$(BUILT_PRODUCTS_DIR)/WeatherApps.app/WeatherApps";
			};
			name = Debug;
		};
		C280981927871F410084F4A0 /* Release */ = {
			isa = XCBuildConfiguration;
			buildSettings = {
				ALWAYS_EMBED_SWIFT_STANDARD_LIBRARIES = YES;
				BUNDLE_LOADER = "$(TEST_HOST)";
				CODE_SIGN_STYLE = Automatic;
				CURRENT_PROJECT_VERSION = 1;
				DEVELOPMENT_TEAM = WLF43H5K2J;
				GENERATE_INFOPLIST_FILE = YES;
				IPHONEOS_DEPLOYMENT_TARGET = 15.2;
				MARKETING_VERSION = 1.0;
				PRODUCT_BUNDLE_IDENTIFIER = rostadhi.WeatherAppsTests;
				PRODUCT_NAME = "$(TARGET_NAME)";
				SWIFT_EMIT_LOC_STRINGS = NO;
				SWIFT_VERSION = 5.0;
				TARGETED_DEVICE_FAMILY = "1,2";
				TEST_HOST = "$(BUILT_PRODUCTS_DIR)/WeatherApps.app/WeatherApps";
			};
			name = Release;
		};
		C280981B27871F410084F4A0 /* Debug */ = {
			isa = XCBuildConfiguration;
			buildSettings = {
				ALWAYS_EMBED_SWIFT_STANDARD_LIBRARIES = YES;
				CODE_SIGN_STYLE = Automatic;
				CURRENT_PROJECT_VERSION = 1;
				DEVELOPMENT_TEAM = WLF43H5K2J;
				GENERATE_INFOPLIST_FILE = YES;
				MARKETING_VERSION = 1.0;
				PRODUCT_BUNDLE_IDENTIFIER = rostadhi.WeatherAppsUITests;
				PRODUCT_NAME = "$(TARGET_NAME)";
				SWIFT_EMIT_LOC_STRINGS = NO;
				SWIFT_VERSION = 5.0;
				TARGETED_DEVICE_FAMILY = "1,2";
				TEST_TARGET_NAME = WeatherApps;
			};
			name = Debug;
		};
		C280981C27871F410084F4A0 /* Release */ = {
			isa = XCBuildConfiguration;
			buildSettings = {
				ALWAYS_EMBED_SWIFT_STANDARD_LIBRARIES = YES;
				CODE_SIGN_STYLE = Automatic;
				CURRENT_PROJECT_VERSION = 1;
				DEVELOPMENT_TEAM = WLF43H5K2J;
				GENERATE_INFOPLIST_FILE = YES;
				MARKETING_VERSION = 1.0;
				PRODUCT_BUNDLE_IDENTIFIER = rostadhi.WeatherAppsUITests;
				PRODUCT_NAME = "$(TARGET_NAME)";
				SWIFT_EMIT_LOC_STRINGS = NO;
				SWIFT_VERSION = 5.0;
				TARGETED_DEVICE_FAMILY = "1,2";
				TEST_TARGET_NAME = WeatherApps;
			};
			name = Release;
		};
/* End XCBuildConfiguration section */

/* Begin XCConfigurationList section */
		C28097EB27871F3F0084F4A0 /* Build configuration list for PBXProject "WeatherApps" */ = {
			isa = XCConfigurationList;
			buildConfigurations = (
				C280981227871F410084F4A0 /* Debug */,
				C280981327871F410084F4A0 /* Release */,
			);
			defaultConfigurationIsVisible = 0;
			defaultConfigurationName = Release;
		};
		C280981427871F410084F4A0 /* Build configuration list for PBXNativeTarget "WeatherApps" */ = {
			isa = XCConfigurationList;
			buildConfigurations = (
				C280981527871F410084F4A0 /* Debug */,
				C280981627871F410084F4A0 /* Release */,
			);
			defaultConfigurationIsVisible = 0;
			defaultConfigurationName = Release;
		};
		C280981727871F410084F4A0 /* Build configuration list for PBXNativeTarget "WeatherAppsTests" */ = {
			isa = XCConfigurationList;
			buildConfigurations = (
				C280981827871F410084F4A0 /* Debug */,
				C280981927871F410084F4A0 /* Release */,
			);
			defaultConfigurationIsVisible = 0;
			defaultConfigurationName = Release;
		};
		C280981A27871F410084F4A0 /* Build configuration list for PBXNativeTarget "WeatherAppsUITests" */ = {
			isa = XCConfigurationList;
			buildConfigurations = (
				C280981B27871F410084F4A0 /* Debug */,
				C280981C27871F410084F4A0 /* Release */,
			);
			defaultConfigurationIsVisible = 0;
			defaultConfigurationName = Release;
		};
/* End XCConfigurationList section */
	};
	rootObject = C28097E827871F3F0084F4A0 /* Project object */;
}
